
Microsoft Visual Studio Solution File, Format Version 12.00
# Visual Studio Version 17
VisualStudioVersion = 17.8.34408.163
MinimumVisualStudioVersion = 10.0.40219.1
Project("{9A19103F-16F7-4668-BE54-9A1E7A4F7556}") = "ViewOfWildlife", "ViewOfWildlife\ViewOfWildlife.csproj", "{08281575-2368-4530-85B2-DA3AD5D59B5D}"
EndProject
Project("{FAE04EC0-301F-11D3-BF4B-00C04F79EFBC}") = "ViewOfWildlife.Core", "ViewOfWildlife.Core\ViewOfWildlife.Core.csproj", "{4C31498C-36D5-49D8-9799-5AE74DF2E8C3}"
EndProject
Project("{FAE04EC0-301F-11D3-BF4B-00C04F79EFBC}") = "ViewOfWildlife.Infrastructure", "ViewOfWildlife.Infrastructure\ViewOfWildlife.Infrastructure.csproj", "{1CA68F78-F75F-4D75-9FCA-BADB73B19BE8}"
EndProject
Global
	GlobalSection(SolutionConfigurationPlatforms) = preSolution
		Debug|Any CPU = Debug|Any CPU
		Release|Any CPU = Release|Any CPU
	EndGlobalSection
	GlobalSection(ProjectConfigurationPlatforms) = postSolution
		{08281575-2368-4530-85B2-DA3AD5D59B5D}.Debug|Any CPU.ActiveCfg = Debug|Any CPU
		{08281575-2368-4530-85B2-DA3AD5D59B5D}.Debug|Any CPU.Build.0 = Debug|Any CPU
		{08281575-2368-4530-85B2-DA3AD5D59B5D}.Release|Any CPU.ActiveCfg = Release|Any CPU
		{08281575-2368-4530-85B2-DA3AD5D59B5D}.Release|Any CPU.Build.0 = Release|Any CPU
		{4C31498C-36D5-49D8-9799-5AE74DF2E8C3}.Debug|Any CPU.ActiveCfg = Debug|Any CPU
		{4C31498C-36D5-49D8-9799-5AE74DF2E8C3}.Debug|Any CPU.Build.0 = Debug|Any CPU
		{4C31498C-36D5-49D8-9799-5AE74DF2E8C3}.Release|Any CPU.ActiveCfg = Release|Any CPU
		{4C31498C-36D5-49D8-9799-5AE74DF2E8C3}.Release|Any CPU.Build.0 = Release|Any CPU
		{1CA68F78-F75F-4D75-9FCA-BADB73B19BE8}.Debug|Any CPU.ActiveCfg = Debug|Any CPU
		{1CA68F78-F75F-4D75-9FCA-BADB73B19BE8}.Debug|Any CPU.Build.0 = Debug|Any CPU
		{1CA68F78-F75F-4D75-9FCA-BADB73B19BE8}.Release|Any CPU.ActiveCfg = Release|Any CPU
		{1CA68F78-F75F-4D75-9FCA-BADB73B19BE8}.Release|Any CPU.Build.0 = Release|Any CPU
	EndGlobalSection
	GlobalSection(SolutionProperties) = preSolution
		HideSolutionNode = FALSE
	EndGlobalSection
	GlobalSection(ExtensibilityGlobals) = postSolution
		SolutionGuid = {BB798CD1-6136-440E-ADAA-DFAECFFB28B0}
	EndGlobalSection
EndGlobal
